
Microsoft Visual Studio Solution File, Format Version 12.00
# Visual Studio Version 17
VisualStudioVersion = 17.5.002.0
MinimumVisualStudioVersion = 10.0.40219.1
Project("{9A19103F-16F7-4668-BE54-9A1E7A4F7556}") = "DesafioPOO", "DesafioPOO.csproj", "{20DA2338-36FB-4424-A549-78B56BDC5930}"
EndProject
Global
	GlobalSection(SolutionConfigurationPlatforms) = preSolution
		Debug|Any CPU = Debug|Any CPU
		Release|Any CPU = Release|Any CPU
	EndGlobalSection
	GlobalSection(ProjectConfigurationPlatforms) = postSolution
		{20DA2338-36FB-4424-A549-78B56BDC5930}.Debug|Any CPU.ActiveCfg = Debug|Any CPU
		{20DA2338-36FB-4424-A549-78B56BDC5930}.Debug|Any CPU.Build.0 = Debug|Any CPU
		{20DA2338-36FB-4424-A549-78B56BDC5930}.Release|Any CPU.ActiveCfg = Release|Any CPU
		{20DA2338-36FB-4424-A549-78B56BDC5930}.Release|Any CPU.Build.0 = Release|Any CPU
	EndGlobalSection
	GlobalSection(SolutionProperties) = preSolution
		HideSolutionNode = FALSE
	EndGlobalSection
	GlobalSection(ExtensibilityGlobals) = postSolution
		SolutionGuid = {EE5B0C25-B0A4-435A-B084-0D0200D21FC2}
	EndGlobalSection
EndGlobal
